// !$*UTF8*$!
{
	archiveVersion = 1;
	classes = {
	};
	objectVersion = 50;
	objects = {

/* Begin PBXBuildFile section */
		90A02CC9A6C540602CCDDB14 /* Pods_Exam.framework in Frameworks */ = {isa = PBXBuildFile; fileRef = 2BCDC77CE1953AA86EAF8029 /* Pods_Exam.framework */; };
		B0C07C40240AFE3200F2A6AE /* AppDelegate.swift in Sources */ = {isa = PBXBuildFile; fileRef = B0C07C3F240AFE3200F2A6AE /* AppDelegate.swift */; };
		B0C07C42240AFE3200F2A6AE /* SceneDelegate.swift in Sources */ = {isa = PBXBuildFile; fileRef = B0C07C41240AFE3200F2A6AE /* SceneDelegate.swift */; };
		B0C07C44240AFE3200F2A6AE /* ViewController.swift in Sources */ = {isa = PBXBuildFile; fileRef = B0C07C43240AFE3200F2A6AE /* ViewController.swift */; };
		B0C07C47240AFE3200F2A6AE /* Main.storyboard in Resources */ = {isa = PBXBuildFile; fileRef = B0C07C45240AFE3200F2A6AE /* Main.storyboard */; };
		B0C07C49240AFE3600F2A6AE /* Assets.xcassets in Resources */ = {isa = PBXBuildFile; fileRef = B0C07C48240AFE3600F2A6AE /* Assets.xcassets */; };
		B0C07C54240AFE7500F2A6AE /* LaunchScreen.xib in Resources */ = {isa = PBXBuildFile; fileRef = B0C07C53240AFE7500F2A6AE /* LaunchScreen.xib */; };
		B0C07C56240B004500F2A6AE /* epita.png in Resources */ = {isa = PBXBuildFile; fileRef = B0C07C55240B004400F2A6AE /* epita.png */; };
		B0C07C58240B04B600F2A6AE /* TableViewCell.swift in Sources */ = {isa = PBXBuildFile; fileRef = B0C07C57240B04B600F2A6AE /* TableViewCell.swift */; };
		B0C07C5A240B05BA00F2A6AE /* DetailViewController.swift in Sources */ = {isa = PBXBuildFile; fileRef = B0C07C59240B05BA00F2A6AE /* DetailViewController.swift */; };
/* End PBXBuildFile section */

/* Begin PBXFileReference section */
		2BCDC77CE1953AA86EAF8029 /* Pods_Exam.framework */ = {isa = PBXFileReference; explicitFileType = wrapper.framework; includeInIndex = 0; path = Pods_Exam.framework; sourceTree = BUILT_PRODUCTS_DIR; };
		3F21FAD7BB69271B0EBFCBC6 /* Pods-Exam.debug.xcconfig */ = {isa = PBXFileReference; includeInIndex = 1; lastKnownFileType = text.xcconfig; name = "Pods-Exam.debug.xcconfig"; path = "Target Support Files/Pods-Exam/Pods-Exam.debug.xcconfig"; sourceTree = "<group>"; };
		94F5F9BBE96B5FB2CA04DFFC /* Pods-Exam.release.xcconfig */ = {isa = PBXFileReference; includeInIndex = 1; lastKnownFileType = text.xcconfig; name = "Pods-Exam.release.xcconfig"; path = "Target Support Files/Pods-Exam/Pods-Exam.release.xcconfig"; sourceTree = "<group>"; };
		B0C07C3C240AFE3200F2A6AE /* Exam.app */ = {isa = PBXFileReference; explicitFileType = wrapper.application; includeInIndex = 0; path = Exam.app; sourceTree = BUILT_PRODUCTS_DIR; };
		B0C07C3F240AFE3200F2A6AE /* AppDelegate.swift */ = {isa = PBXFileReference; lastKnownFileType = sourcecode.swift; path = AppDelegate.swift; sourceTree = "<group>"; };
		B0C07C41240AFE3200F2A6AE /* SceneDelegate.swift */ = {isa = PBXFileReference; lastKnownFileType = sourcecode.swift; path = SceneDelegate.swift; sourceTree = "<group>"; };
		B0C07C43240AFE3200F2A6AE /* ViewController.swift */ = {isa = PBXFileReference; lastKnownFileType = sourcecode.swift; path = ViewController.swift; sourceTree = "<group>"; };
		B0C07C46240AFE3200F2A6AE /* Base */ = {isa = PBXFileReference; lastKnownFileType = file.storyboard; name = Base; path = Base.lproj/Main.storyboard; sourceTree = "<group>"; };
		B0C07C48240AFE3600F2A6AE /* Assets.xcassets */ = {isa = PBXFileReference; lastKnownFileType = folder.assetcatalog; path = Assets.xcassets; sourceTree = "<group>"; };
		B0C07C4D240AFE3600F2A6AE /* Info.plist */ = {isa = PBXFileReference; lastKnownFileType = text.plist.xml; path = Info.plist; sourceTree = "<group>"; };
		B0C07C53240AFE7500F2A6AE /* LaunchScreen.xib */ = {isa = PBXFileReference; lastKnownFileType = file.xib; path = LaunchScreen.xib; sourceTree = "<group>"; };
		B0C07C55240B004400F2A6AE /* epita.png */ = {isa = PBXFileReference; lastKnownFileType = image.png; path = epita.png; sourceTree = "<group>"; };
		B0C07C57240B04B600F2A6AE /* TableViewCell.swift */ = {isa = PBXFileReference; lastKnownFileType = sourcecode.swift; path = TableViewCell.swift; sourceTree = "<group>"; };
		B0C07C59240B05BA00F2A6AE /* DetailViewController.swift */ = {isa = PBXFileReference; lastKnownFileType = sourcecode.swift; path = DetailViewController.swift; sourceTree = "<group>"; };
/* End PBXFileReference section */

/* Begin PBXFrameworksBuildPhase section */
		B0C07C39240AFE3200F2A6AE /* Frameworks */ = {
			isa = PBXFrameworksBuildPhase;
			buildActionMask = 2147483647;
			files = (
				90A02CC9A6C540602CCDDB14 /* Pods_Exam.framework in Frameworks */,
			);
			runOnlyForDeploymentPostprocessing = 0;
		};
/* End PBXFrameworksBuildPhase section */

/* Begin PBXGroup section */
		51546FD3C9FD3F5C6AEAEAC9 /* Pods */ = {
			isa = PBXGroup;
			children = (
				3F21FAD7BB69271B0EBFCBC6 /* Pods-Exam.debug.xcconfig */,
				94F5F9BBE96B5FB2CA04DFFC /* Pods-Exam.release.xcconfig */,
			);
			name = Pods;
			path = Pods;
			sourceTree = "<group>";
		};
		B0C07C33240AFE3200F2A6AE = {
			isa = PBXGroup;
			children = (
				B0C07C3E240AFE3200F2A6AE /* Exam */,
				B0C07C3D240AFE3200F2A6AE /* Products */,
				51546FD3C9FD3F5C6AEAEAC9 /* Pods */,
				BB63A1BB8D985D96B1A9185F /* Frameworks */,
			);
			sourceTree = "<group>";
		};
		B0C07C3D240AFE3200F2A6AE /* Products */ = {
			isa = PBXGroup;
			children = (
				B0C07C3C240AFE3200F2A6AE /* Exam.app */,
			);
			name = Products;
			sourceTree = "<group>";
		};
		B0C07C3E240AFE3200F2A6AE /* Exam */ = {
			isa = PBXGroup;
			children = (
				B0C07C3F240AFE3200F2A6AE /* AppDelegate.swift */,
				B0C07C41240AFE3200F2A6AE /* SceneDelegate.swift */,
				B0C07C43240AFE3200F2A6AE /* ViewController.swift */,
				B0C07C55240B004400F2A6AE /* epita.png */,
				B0C07C45240AFE3200F2A6AE /* Main.storyboard */,
				B0C07C48240AFE3600F2A6AE /* Assets.xcassets */,
				B0C07C4D240AFE3600F2A6AE /* Info.plist */,
				B0C07C53240AFE7500F2A6AE /* LaunchScreen.xib */,
				B0C07C57240B04B600F2A6AE /* TableViewCell.swift */,
				B0C07C59240B05BA00F2A6AE /* DetailViewController.swift */,
			);
			path = Exam;
			sourceTree = "<group>";
		};
		BB63A1BB8D985D96B1A9185F /* Frameworks */ = {
			isa = PBXGroup;
			children = (
				2BCDC77CE1953AA86EAF8029 /* Pods_Exam.framework */,
			);
			name = Frameworks;
			sourceTree = "<group>";
		};
/* End PBXGroup section */

/* Begin PBXNativeTarget section */
		B0C07C3B240AFE3200F2A6AE /* Exam */ = {
			isa = PBXNativeTarget;
			buildConfigurationList = B0C07C50240AFE3600F2A6AE /* Build configuration list for PBXNativeTarget "Exam" */;
			buildPhases = (
				77C0D6DEFCCF60FFABEC6FD8 /* [CP] Check Pods Manifest.lock */,
				B0C07C38240AFE3200F2A6AE /* Sources */,
				B0C07C39240AFE3200F2A6AE /* Frameworks */,
				B0C07C3A240AFE3200F2A6AE /* Resources */,
				B875FCD88872F86CE8AB4171 /* [CP] Embed Pods Frameworks */,
			);
			buildRules = (
			);
			dependencies = (
			);
			name = Exam;
			productName = Exam;
			productReference = B0C07C3C240AFE3200F2A6AE /* Exam.app */;
			productType = "com.apple.product-type.application";
		};
/* End PBXNativeTarget section */

/* Begin PBXProject section */
		B0C07C34240AFE3200F2A6AE /* Project object */ = {
			isa = PBXProject;
			attributes = {
				LastSwiftUpdateCheck = 1130;
				LastUpgradeCheck = 1130;
				ORGANIZATIONNAME = "Tilak Jethva";
				TargetAttributes = {
					B0C07C3B240AFE3200F2A6AE = {
						CreatedOnToolsVersion = 11.3.1;
					};
				};
			};
			buildConfigurationList = B0C07C37240AFE3200F2A6AE /* Build configuration list for PBXProject "Exam" */;
			compatibilityVersion = "Xcode 9.3";
			developmentRegion = en;
			hasScannedForEncodings = 0;
			knownRegions = (
				en,
				Base,
			);
			mainGroup = B0C07C33240AFE3200F2A6AE;
			productRefGroup = B0C07C3D240AFE3200F2A6AE /* Products */;
			projectDirPath = "";
			projectRoot = "";
			targets = (
				B0C07C3B240AFE3200F2A6AE /* Exam */,
			);
		};
/* End PBXProject section */

/* Begin PBXResourcesBuildPhase section */
		B0C07C3A240AFE3200F2A6AE /* Resources */ = {
			isa = PBXResourcesBuildPhase;
			buildActionMask = 2147483647;
			files = (
				B0C07C49240AFE3600F2A6AE /* Assets.xcassets in Resources */,
				B0C07C54240AFE7500F2A6AE /* LaunchScreen.xib in Resources */,
				B0C07C47240AFE3200F2A6AE /* Main.storyboard in Resources */,
				B0C07C56240B004500F2A6AE /* epita.png in Resources */,
			);
			runOnlyForDeploymentPostprocessing = 0;
		};
/* End PBXResourcesBuildPhase section */

/* Begin PBXShellScriptBuildPhase section */
		77C0D6DEFCCF60FFABEC6FD8 /* [CP] Check Pods Manifest.lock */ = {
			isa = PBXShellScriptBuildPhase;
			buildActionMask = 2147483647;
			files = (
			);
			inputFileListPaths = (
			);
			inputPaths = (
				"${PODS_PODFILE_DIR_PATH}/Podfile.lock",
				"${PODS_ROOT}/Manifest.lock",
			);
			name = "[CP] Check Pods Manifest.lock";
			outputFileListPaths = (
			);
			outputPaths = (
				"$(DERIVED_FILE_DIR)/Pods-Exam-checkManifestLockResult.txt",
			);
			runOnlyForDeploymentPostprocessing = 0;
			shellPath = /bin/sh;
			shellScript = "diff \"${PODS_PODFILE_DIR_PATH}/Podfile.lock\" \"${PODS_ROOT}/Manifest.lock\" > /dev/null\nif [ $? != 0 ] ; then\n    # print error to STDERR\n    echo \"error: The sandbox is not in sync with the Podfile.lock. Run 'pod install' or update your CocoaPods installation.\" >&2\n    exit 1\nfi\n# This output is used by Xcode 'outputs' to avoid re-running this script phase.\necho \"SUCCESS\" > \"${SCRIPT_OUTPUT_FILE_0}\"\n";
			showEnvVarsInLog = 0;
		};
		B875FCD88872F86CE8AB4171 /* [CP] Embed Pods Frameworks */ = {
			isa = PBXShellScriptBuildPhase;
			buildActionMask = 2147483647;
			files = (
			);
			inputFileListPaths = (
				"${PODS_ROOT}/Target Support Files/Pods-Exam/Pods-Exam-frameworks-${CONFIGURATION}-input-files.xcfilelist",
			);
			name = "[CP] Embed Pods Frameworks";
			outputFileListPaths = (
				"${PODS_ROOT}/Target Support Files/Pods-Exam/Pods-Exam-frameworks-${CONFIGURATION}-output-files.xcfilelist",
			);
			runOnlyForDeploymentPostprocessing = 0;
			shellPath = /bin/sh;
			shellScript = "\"${PODS_ROOT}/Target Support Files/Pods-Exam/Pods-Exam-frameworks.sh\"\n";
			showEnvVarsInLog = 0;
		};
/* End PBXShellScriptBuildPhase section */

/* Begin PBXSourcesBuildPhase section */
		B0C07C38240AFE3200F2A6AE /* Sources */ = {
			isa = PBXSourcesBuildPhase;
			buildActionMask = 2147483647;
			files = (
				B0C07C44240AFE3200F2A6AE /* ViewController.swift in Sources */,
				B0C07C58240B04B600F2A6AE /* TableViewCell.swift in Sources */,
				B0C07C5A240B05BA00F2A6AE /* DetailViewController.swift in Sources */,
				B0C07C40240AFE3200F2A6AE /* AppDelegate.swift in Sources */,
				B0C07C42240AFE3200F2A6AE /* SceneDelegate.swift in Sources */,
			);
			runOnlyForDeploymentPostprocessing = 0;
		};
/* End PBXSourcesBuildPhase section */

/* Begin PBXVariantGroup section */
		B0C07C45240AFE3200F2A6AE /* Main.storyboard */ = {
			isa = PBXVariantGroup;
			children = (
				B0C07C46240AFE3200F2A6AE /* Base */,
			);
			name = Main.storyboard;
			sourceTree = "<group>";
		};
/* End PBXVariantGroup section */

/* Begin XCBuildConfiguration section */
		B0C07C4E240AFE3600F2A6AE /* Debug */ = {
			isa = XCBuildConfiguration;
			buildSettings = {
				ALWAYS_SEARCH_USER_PATHS = NO;
				CLANG_ANALYZER_NONNULL = YES;
				CLANG_ANALYZER_NUMBER_OBJECT_CONVERSION = YES_AGGRESSIVE;
				CLANG_CXX_LANGUAGE_STANDARD = "gnu++14";
				CLANG_CXX_LIBRARY = "libc++";
				CLANG_ENABLE_MODULES = YES;
				CLANG_ENABLE_OBJC_ARC = YES;
				CLANG_ENABLE_OBJC_WEAK = YES;
				CLANG_WARN_BLOCK_CAPTURE_AUTORELEASING = YES;
				CLANG_WARN_BOOL_CONVERSION = YES;
				CLANG_WARN_COMMA = YES;
				CLANG_WARN_CONSTANT_CONVERSION = YES;
				CLANG_WARN_DEPRECATED_OBJC_IMPLEMENTATIONS = YES;
				CLANG_WARN_DIRECT_OBJC_ISA_USAGE = YES_ERROR;
				CLANG_WARN_DOCUMENTATION_COMMENTS = YES;
				CLANG_WARN_EMPTY_BODY = YES;
				CLANG_WARN_ENUM_CONVERSION = YES;
				CLANG_WARN_INFINITE_RECURSION = YES;
				CLANG_WARN_INT_CONVERSION = YES;
				CLANG_WARN_NON_LITERAL_NULL_CONVERSION = YES;
				CLANG_WARN_OBJC_IMPLICIT_RETAIN_SELF = YES;
				CLANG_WARN_OBJC_LITERAL_CONVERSION = YES;
				CLANG_WARN_OBJC_ROOT_CLASS = YES_ERROR;
				CLANG_WARN_RANGE_LOOP_ANALYSIS = YES;
				CLANG_WARN_STRICT_PROTOTYPES = YES;
				CLANG_WARN_SUSPICIOUS_MOVE = YES;
				CLANG_WARN_UNGUARDED_AVAILABILITY = YES_AGGRESSIVE;
				CLANG_WARN_UNREACHABLE_CODE = YES;
				CLANG_WARN__DUPLICATE_METHOD_MATCH = YES;
				COPY_PHASE_STRIP = NO;
				DEBUG_INFORMATION_FORMAT = dwarf;
				ENABLE_STRICT_OBJC_MSGSEND = YES;
				ENABLE_TESTABILITY = YES;
				GCC_C_LANGUAGE_STANDARD = gnu11;
				GCC_DYNAMIC_NO_PIC = NO;
				GCC_NO_COMMON_BLOCKS = YES;
				GCC_OPTIMIZATION_LEVEL = 0;
				GCC_PREPROCESSOR_DEFINITIONS = (
					"DEBUG=1",
					"$(inherited)",
				);
				GCC_WARN_64_TO_32_BIT_CONVERSION = YES;
				GCC_WARN_ABOUT_RETURN_TYPE = YES_ERROR;
				GCC_WARN_UNDECLARED_SELECTOR = YES;
				GCC_WARN_UNINITIALIZED_AUTOS = YES_AGGRESSIVE;
				GCC_WARN_UNUSED_FUNCTION = YES;
				GCC_WARN_UNUSED_VARIABLE = YES;
				IPHONEOS_DEPLOYMENT_TARGET = 13.2;
				MTL_ENABLE_DEBUG_INFO = INCLUDE_SOURCE;
				MTL_FAST_MATH = YES;
				ONLY_ACTIVE_ARCH = YES;
				SDKROOT = iphoneos;
				SWIFT_ACTIVE_COMPILATION_CONDITIONS = DEBUG;
				SWIFT_OPTIMIZATION_LEVEL = "-Onone";
			};
			name = Debug;
		};
		B0C07C4F240AFE3600F2A6AE /* Release */ = {
			isa = XCBuildConfiguration;
			buildSettings = {
				ALWAYS_SEARCH_USER_PATHS = NO;
				CLANG_ANALYZER_NONNULL = YES;
				CLANG_ANALYZER_NUMBER_OBJECT_CONVERSION = YES_AGGRESSIVE;
				CLANG_CXX_LANGUAGE_STANDARD = "gnu++14";
				CLANG_CXX_LIBRARY = "libc++";
				CLANG_ENABLE_MODULES = YES;
				CLANG_ENABLE_OBJC_ARC = YES;
				CLANG_ENABLE_OBJC_WEAK = YES;
				CLANG_WARN_BLOCK_CAPTURE_AUTORELEASING = YES;
				CLANG_WARN_BOOL_CONVERSION = YES;
				CLANG_WARN_COMMA = YES;
				CLANG_WARN_CONSTANT_CONVERSION = YES;
				CLANG_WARN_DEPRECATED_OBJC_IMPLEMENTATIONS = YES;
				CLANG_WARN_DIRECT_OBJC_ISA_USAGE = YES_ERROR;
				CLANG_WARN_DOCUMENTATION_COMMENTS = YES;
				CLANG_WARN_EMPTY_BODY = YES;
				CLANG_WARN_ENUM_CONVERSION = YES;
				CLANG_WARN_INFINITE_RECURSION = YES;
				CLANG_WARN_INT_CONVERSION = YES;
				CLANG_WARN_NON_LITERAL_NULL_CONVERSION = YES;
				CLANG_WARN_OBJC_IMPLICIT_RETAIN_SELF = YES;
				CLANG_WARN_OBJC_LITERAL_CONVERSION = YES;
				CLANG_WARN_OBJC_ROOT_CLASS = YES_ERROR;
				CLANG_WARN_RANGE_LOOP_ANALYSIS = YES;
				CLANG_WARN_STRICT_PROTOTYPES = YES;
				CLANG_WARN_SUSPICIOUS_MOVE = YES;
				CLANG_WARN_UNGUARDED_AVAILABILITY = YES_AGGRESSIVE;
				CLANG_WARN_UNREACHABLE_CODE = YES;
				CLANG_WARN__DUPLICATE_METHOD_MATCH = YES;
				COPY_PHASE_STRIP = NO;
				DEBUG_INFORMATION_FORMAT = "dwarf-with-dsym";
				ENABLE_NS_ASSERTIONS = NO;
				ENABLE_STRICT_OBJC_MSGSEND = YES;
				GCC_C_LANGUAGE_STANDARD = gnu11;
				GCC_NO_COMMON_BLOCKS = YES;
				GCC_WARN_64_TO_32_BIT_CONVERSION = YES;
				GCC_WARN_ABOUT_RETURN_TYPE = YES_ERROR;
				GCC_WARN_UNDECLARED_SELECTOR = YES;
				GCC_WARN_UNINITIALIZED_AUTOS = YES_AGGRESSIVE;
				GCC_WARN_UNUSED_FUNCTION = YES;
				GCC_WARN_UNUSED_VARIABLE = YES;
				IPHONEOS_DEPLOYMENT_TARGET = 13.2;
				MTL_ENABLE_DEBUG_INFO = NO;
				MTL_FAST_MATH = YES;
				SDKROOT = iphoneos;
				SWIFT_COMPILATION_MODE = wholemodule;
				SWIFT_OPTIMIZATION_LEVEL = "-O";
				VALIDATE_PRODUCT = YES;
			};
			name = Release;
		};
		B0C07C51240AFE3600F2A6AE /* Debug */ = {
			isa = XCBuildConfiguration;
			baseConfigurationReference = 3F21FAD7BB69271B0EBFCBC6 /* Pods-Exam.debug.xcconfig */;
			buildSettings = {
				ASSETCATALOG_COMPILER_APPICON_NAME = AppIcon;
				CODE_SIGN_STYLE = Automatic;
				DEVELOPMENT_TEAM = BPLL4W5B46;
				INFOPLIST_FILE = Exam/Info.plist;
				LD_RUNPATH_SEARCH_PATHS = (
					"$(inherited)",
					"@executable_path/Frameworks",
				);
				PRODUCT_BUNDLE_IDENTIFIER = com.developers.;
				PRODUCT_NAME = "$(TARGET_NAME)";
				SWIFT_VERSION = 5.0;
				TARGETED_DEVICE_FAMILY = "1,2";
			};
			name = Debug;
		};
		B0C07C52240AFE3600F2A6AE /* Release */ = {
			isa = XCBuildConfiguration;
			baseConfigurationReference = 94F5F9BBE96B5FB2CA04DFFC /* Pods-Exam.release.xcconfig */;
			buildSettings = {
				ASSETCATALOG_COMPILER_APPICON_NAME = AppIcon;
				CODE_SIGN_STYLE = Automatic;
				DEVELOPMENT_TEAM = BPLL4W5B46;
				INFOPLIST_FILE = Exam/Info.plist;
				LD_RUNPATH_SEARCH_PATHS = (
					"$(inherited)",
					"@executable_path/Frameworks",
				);
				PRODUCT_BUNDLE_IDENTIFIER = com.developers.;
				PRODUCT_NAME = "$(TARGET_NAME)";
				SWIFT_VERSION = 5.0;
				TARGETED_DEVICE_FAMILY = "1,2";
			};
			name = Release;
		};
/* End XCBuildConfiguration section */

/* Begin XCConfigurationList section */
		B0C07C37240AFE3200F2A6AE /* Build configuration list for PBXProject "Exam" */ = {
			isa = XCConfigurationList;
			buildConfigurations = (
				B0C07C4E240AFE3600F2A6AE /* Debug */,
				B0C07C4F240AFE3600F2A6AE /* Release */,
			);
			defaultConfigurationIsVisible = 0;
			defaultConfigurationName = Release;
		};
		B0C07C50240AFE3600F2A6AE /* Build configuration list for PBXNativeTarget "Exam" */ = {
			isa = XCConfigurationList;
			buildConfigurations = (
				B0C07C51240AFE3600F2A6AE /* Debug */,
				B0C07C52240AFE3600F2A6AE /* Release */,
			);
			defaultConfigurationIsVisible = 0;
			defaultConfigurationName = Release;
		};
/* End XCConfigurationList section */
	};
	rootObject = B0C07C34240AFE3200F2A6AE /* Project object */;
}
